// !$*UTF8*$!
{
	archiveVersion = 1;
	classes = {
	};
	objectVersion = 46;
	objects = {

/* Begin PBXBuildFile section */
		9A731C451C2A9CB50022A73B /* AppDelegate.swift in Sources */ = {isa = PBXBuildFile; fileRef = 9A731C441C2A9CB50022A73B /* AppDelegate.swift */; };
		9A731C471C2A9CB50022A73B /* ViewController.swift in Sources */ = {isa = PBXBuildFile; fileRef = 9A731C461C2A9CB50022A73B /* ViewController.swift */; };
		9A731C4A1C2A9CB50022A73B /* Main.storyboard in Resources */ = {isa = PBXBuildFile; fileRef = 9A731C481C2A9CB50022A73B /* Main.storyboard */; };
		9A731C4C1C2A9CB50022A73B /* Assets.xcassets in Resources */ = {isa = PBXBuildFile; fileRef = 9A731C4B1C2A9CB50022A73B /* Assets.xcassets */; };
		9A731C4F1C2A9CB50022A73B /* LaunchScreen.storyboard in Resources */ = {isa = PBXBuildFile; fileRef = 9A731C4D1C2A9CB50022A73B /* LaunchScreen.storyboard */; };
		9A731C5A1C2A9CB60022A73B /* PoomsaeScorerTests.swift in Sources */ = {isa = PBXBuildFile; fileRef = 9A731C591C2A9CB60022A73B /* PoomsaeScorerTests.swift */; };
		9A731C651C2A9CB60022A73B /* PoomsaeScorerUITests.swift in Sources */ = {isa = PBXBuildFile; fileRef = 9A731C641C2A9CB60022A73B /* PoomsaeScorerUITests.swift */; };
/* End PBXBuildFile section */

/* Begin PBXContainerItemProxy section */
		9A731C561C2A9CB60022A73B /* PBXContainerItemProxy */ = {
			isa = PBXContainerItemProxy;
			containerPortal = 9A731C391C2A9CB50022A73B /* Project object */;
			proxyType = 1;
			remoteGlobalIDString = 9A731C401C2A9CB50022A73B;
			remoteInfo = PoomsaeScorer;
		};
		9A731C611C2A9CB60022A73B /* PBXContainerItemProxy */ = {
			isa = PBXContainerItemProxy;
			containerPortal = 9A731C391C2A9CB50022A73B /* Project object */;
			proxyType = 1;
			remoteGlobalIDString = 9A731C401C2A9CB50022A73B;
			remoteInfo = PoomsaeScorer;
		};
/* End PBXContainerItemProxy section */

/* Begin PBXFileReference section */
		9A731C411C2A9CB50022A73B /* PoomsaeScorer.app */ = {isa = PBXFileReference; explicitFileType = wrapper.application; includeInIndex = 0; path = PoomsaeScorer.app; sourceTree = BUILT_PRODUCTS_DIR; };
		9A731C441C2A9CB50022A73B /* AppDelegate.swift */ = {isa = PBXFileReference; lastKnownFileType = sourcecode.swift; path = AppDelegate.swift; sourceTree = "<group>"; };
		9A731C461C2A9CB50022A73B /* ViewController.swift */ = {isa = PBXFileReference; lastKnownFileType = sourcecode.swift; path = ViewController.swift; sourceTree = "<group>"; };
		9A731C491C2A9CB50022A73B /* Base */ = {isa = PBXFileReference; lastKnownFileType = file.storyboard; name = Base; path = Base.lproj/Main.storyboard; sourceTree = "<group>"; };
		9A731C4B1C2A9CB50022A73B /* Assets.xcassets */ = {isa = PBXFileReference; lastKnownFileType = folder.assetcatalog; path = Assets.xcassets; sourceTree = "<group>"; };
		9A731C4E1C2A9CB50022A73B /* Base */ = {isa = PBXFileReference; lastKnownFileType = file.storyboard; name = Base; path = Base.lproj/LaunchScreen.storyboard; sourceTree = "<group>"; };
		9A731C501C2A9CB50022A73B /* Info.plist */ = {isa = PBXFileReference; lastKnownFileType = text.plist.xml; path = Info.plist; sourceTree = "<group>"; };
		9A731C551C2A9CB60022A73B /* PoomsaeScorerTests.xctest */ = {isa = PBXFileReference; explicitFileType = wrapper.cfbundle; includeInIndex = 0; path = PoomsaeScorerTests.xctest; sourceTree = BUILT_PRODUCTS_DIR; };
		9A731C591C2A9CB60022A73B /* PoomsaeScorerTests.swift */ = {isa = PBXFileReference; lastKnownFileType = sourcecode.swift; path = PoomsaeScorerTests.swift; sourceTree = "<group>"; };
		9A731C5B1C2A9CB60022A73B /* Info.plist */ = {isa = PBXFileReference; lastKnownFileType = text.plist.xml; path = Info.plist; sourceTree = "<group>"; };
		9A731C601C2A9CB60022A73B /* PoomsaeScorerUITests.xctest */ = {isa = PBXFileReference; explicitFileType = wrapper.cfbundle; includeInIndex = 0; path = PoomsaeScorerUITests.xctest; sourceTree = BUILT_PRODUCTS_DIR; };
		9A731C641C2A9CB60022A73B /* PoomsaeScorerUITests.swift */ = {isa = PBXFileReference; lastKnownFileType = sourcecode.swift; path = PoomsaeScorerUITests.swift; sourceTree = "<group>"; };
		9A731C661C2A9CB60022A73B /* Info.plist */ = {isa = PBXFileReference; lastKnownFileType = text.plist.xml; path = Info.plist; sourceTree = "<group>"; };
		9A731C731C2BE21B0022A73B /* en */ = {isa = PBXFileReference; lastKnownFileType = text.plist.strings; name = en; path = en.lproj/Main.strings; sourceTree = "<group>"; };
/* End PBXFileReference section */

/* Begin PBXFrameworksBuildPhase section */
		9A731C3E1C2A9CB50022A73B /* Frameworks */ = {
			isa = PBXFrameworksBuildPhase;
			buildActionMask = 2147483647;
			files = (
			);
			runOnlyForDeploymentPostprocessing = 0;
		};
		9A731C521C2A9CB60022A73B /* Frameworks */ = {
			isa = PBXFrameworksBuildPhase;
			buildActionMask = 2147483647;
			files = (
			);
			runOnlyForDeploymentPostprocessing = 0;
		};
		9A731C5D1C2A9CB60022A73B /* Frameworks */ = {
			isa = PBXFrameworksBuildPhase;
			buildActionMask = 2147483647;
			files = (
			);
			runOnlyForDeploymentPostprocessing = 0;
		};
/* End PBXFrameworksBuildPhase section */

/* Begin PBXGroup section */
		9A731C381C2A9CB50022A73B = {
			isa = PBXGroup;
			children = (
				9A731C431C2A9CB50022A73B /* PoomsaeScorer */,
				9A731C581C2A9CB60022A73B /* PoomsaeScorerTests */,
				9A731C631C2A9CB60022A73B /* PoomsaeScorerUITests */,
				9A731C421C2A9CB50022A73B /* Products */,
			);
			sourceTree = "<group>";
		};
		9A731C421C2A9CB50022A73B /* Products */ = {
			isa = PBXGroup;
			children = (
				9A731C411C2A9CB50022A73B /* PoomsaeScorer.app */,
				9A731C551C2A9CB60022A73B /* PoomsaeScorerTests.xctest */,
				9A731C601C2A9CB60022A73B /* PoomsaeScorerUITests.xctest */,
			);
			name = Products;
			sourceTree = "<group>";
		};
		9A731C431C2A9CB50022A73B /* PoomsaeScorer */ = {
			isa = PBXGroup;
			children = (
				9A731C441C2A9CB50022A73B /* AppDelegate.swift */,
				9A731C461C2A9CB50022A73B /* ViewController.swift */,
				9A731C481C2A9CB50022A73B /* Main.storyboard */,
				9A731C4B1C2A9CB50022A73B /* Assets.xcassets */,
				9A731C4D1C2A9CB50022A73B /* LaunchScreen.storyboard */,
				9A731C501C2A9CB50022A73B /* Info.plist */,
			);
			path = PoomsaeScorer;
			sourceTree = "<group>";
		};
		9A731C581C2A9CB60022A73B /* PoomsaeScorerTests */ = {
			isa = PBXGroup;
			children = (
				9A731C591C2A9CB60022A73B /* PoomsaeScorerTests.swift */,
				9A731C5B1C2A9CB60022A73B /* Info.plist */,
			);
			path = PoomsaeScorerTests;
			sourceTree = "<group>";
		};
		9A731C631C2A9CB60022A73B /* PoomsaeScorerUITests */ = {
			isa = PBXGroup;
			children = (
				9A731C641C2A9CB60022A73B /* PoomsaeScorerUITests.swift */,
				9A731C661C2A9CB60022A73B /* Info.plist */,
			);
			path = PoomsaeScorerUITests;
			sourceTree = "<group>";
		};
/* End PBXGroup section */

/* Begin PBXNativeTarget section */
		9A731C401C2A9CB50022A73B /* PoomsaeScorer */ = {
			isa = PBXNativeTarget;
			buildConfigurationList = 9A731C691C2A9CB60022A73B /* Build configuration list for PBXNativeTarget "PoomsaeScorer" */;
			buildPhases = (
				9A731C3D1C2A9CB50022A73B /* Sources */,
				9A731C3E1C2A9CB50022A73B /* Frameworks */,
				9A731C3F1C2A9CB50022A73B /* Resources */,
			);
			buildRules = (
			);
			dependencies = (
			);
			name = PoomsaeScorer;
			productName = PoomsaeScorer;
			productReference = 9A731C411C2A9CB50022A73B /* PoomsaeScorer.app */;
			productType = "com.apple.product-type.application";
		};
		9A731C541C2A9CB60022A73B /* PoomsaeScorerTests */ = {
			isa = PBXNativeTarget;
			buildConfigurationList = 9A731C6C1C2A9CB60022A73B /* Build configuration list for PBXNativeTarget "PoomsaeScorerTests" */;
			buildPhases = (
				9A731C511C2A9CB60022A73B /* Sources */,
				9A731C521C2A9CB60022A73B /* Frameworks */,
				9A731C531C2A9CB60022A73B /* Resources */,
			);
			buildRules = (
			);
			dependencies = (
				9A731C571C2A9CB60022A73B /* PBXTargetDependency */,
			);
			name = PoomsaeScorerTests;
			productName = PoomsaeScorerTests;
			productReference = 9A731C551C2A9CB60022A73B /* PoomsaeScorerTests.xctest */;
			productType = "com.apple.product-type.bundle.unit-test";
		};
		9A731C5F1C2A9CB60022A73B /* PoomsaeScorerUITests */ = {
			isa = PBXNativeTarget;
			buildConfigurationList = 9A731C6F1C2A9CB60022A73B /* Build configuration list for PBXNativeTarget "PoomsaeScorerUITests" */;
			buildPhases = (
				9A731C5C1C2A9CB60022A73B /* Sources */,
				9A731C5D1C2A9CB60022A73B /* Frameworks */,
				9A731C5E1C2A9CB60022A73B /* Resources */,
			);
			buildRules = (
			);
			dependencies = (
				9A731C621C2A9CB60022A73B /* PBXTargetDependency */,
			);
			name = PoomsaeScorerUITests;
			productName = PoomsaeScorerUITests;
			productReference = 9A731C601C2A9CB60022A73B /* PoomsaeScorerUITests.xctest */;
			productType = "com.apple.product-type.bundle.ui-testing";
		};
/* End PBXNativeTarget section */

/* Begin PBXProject section */
		9A731C391C2A9CB50022A73B /* Project object */ = {
			isa = PBXProject;
			attributes = {
				LastSwiftUpdateCheck = 0720;
				LastUpgradeCheck = 0720;
				TargetAttributes = {
					9A731C401C2A9CB50022A73B = {
						CreatedOnToolsVersion = 7.2;
					};
					9A731C541C2A9CB60022A73B = {
						CreatedOnToolsVersion = 7.2;
						TestTargetID = 9A731C401C2A9CB50022A73B;
					};
					9A731C5F1C2A9CB60022A73B = {
						CreatedOnToolsVersion = 7.2;
						TestTargetID = 9A731C401C2A9CB50022A73B;
					};
				};
			};
			buildConfigurationList = 9A731C3C1C2A9CB50022A73B /* Build configuration list for PBXProject "PoomsaeScorer" */;
			compatibilityVersion = "Xcode 3.2";
			developmentRegion = English;
			hasScannedForEncodings = 0;
			knownRegions = (
				en,
				Base,
			);
			mainGroup = 9A731C381C2A9CB50022A73B;
			productRefGroup = 9A731C421C2A9CB50022A73B /* Products */;
			projectDirPath = "";
			projectRoot = "";
			targets = (
				9A731C401C2A9CB50022A73B /* PoomsaeScorer */,
				9A731C541C2A9CB60022A73B /* PoomsaeScorerTests */,
				9A731C5F1C2A9CB60022A73B /* PoomsaeScorerUITests */,
			);
		};
/* End PBXProject section */

/* Begin PBXResourcesBuildPhase section */
		9A731C3F1C2A9CB50022A73B /* Resources */ = {
			isa = PBXResourcesBuildPhase;
			buildActionMask = 2147483647;
			files = (
				9A731C4F1C2A9CB50022A73B /* LaunchScreen.storyboard in Resources */,
				9A731C4C1C2A9CB50022A73B /* Assets.xcassets in Resources */,
				9A731C4A1C2A9CB50022A73B /* Main.storyboard in Resources */,
			);
			runOnlyForDeploymentPostprocessing = 0;
		};
		9A731C531C2A9CB60022A73B /* Resources */ = {
			isa = PBXResourcesBuildPhase;
			buildActionMask = 2147483647;
			files = (
			);
			runOnlyForDeploymentPostprocessing = 0;
		};
		9A731C5E1C2A9CB60022A73B /* Resources */ = {
			isa = PBXResourcesBuildPhase;
			buildActionMask = 2147483647;
			files = (
			);
			runOnlyForDeploymentPostprocessing = 0;
		};
/* End PBXResourcesBuildPhase section */

/* Begin PBXSourcesBuildPhase section */
		9A731C3D1C2A9CB50022A73B /* Sources */ = {
			isa = PBXSourcesBuildPhase;
			buildActionMask = 2147483647;
			files = (
				9A731C471C2A9CB50022A73B /* ViewController.swift in Sources */,
				9A731C451C2A9CB50022A73B /* AppDelegate.swift in Sources */,
			);
			runOnlyForDeploymentPostprocessing = 0;
		};
		9A731C511C2A9CB60022A73B /* Sources */ = {
			isa = PBXSourcesBuildPhase;
			buildActionMask = 2147483647;
			files = (
				9A731C5A1C2A9CB60022A73B /* PoomsaeScorerTests.swift in Sources */,
			);
			runOnlyForDeploymentPostprocessing = 0;
		};
		9A731C5C1C2A9CB60022A73B /* Sources */ = {
			isa = PBXSourcesBuildPhase;
			buildActionMask = 2147483647;
			files = (
				9A731C651C2A9CB60022A73B /* PoomsaeScorerUITests.swift in Sources */,
			);
			runOnlyForDeploymentPostprocessing = 0;
		};
/* End PBXSourcesBuildPhase section */

/* Begin PBXTargetDependency section */
		9A731C571C2A9CB60022A73B /* PBXTargetDependency */ = {
			isa = PBXTargetDependency;
			target = 9A731C401C2A9CB50022A73B /* PoomsaeScorer */;
			targetProxy = 9A731C561C2A9CB60022A73B /* PBXContainerItemProxy */;
		};
		9A731C621C2A9CB60022A73B /* PBXTargetDependency */ = {
			isa = PBXTargetDependency;
			target = 9A731C401C2A9CB50022A73B /* PoomsaeScorer */;
			targetProxy = 9A731C611C2A9CB60022A73B /* PBXContainerItemProxy */;
		};
/* End PBXTargetDependency section */

/* Begin PBXVariantGroup section */
		9A731C481C2A9CB50022A73B /* Main.storyboard */ = {
			isa = PBXVariantGroup;
			children = (
				9A731C491C2A9CB50022A73B /* Base */,
				9A731C731C2BE21B0022A73B /* en */,
			);
			name = Main.storyboard;
			sourceTree = "<group>";
		};
		9A731C4D1C2A9CB50022A73B /* LaunchScreen.storyboard */ = {
			isa = PBXVariantGroup;
			children = (
				9A731C4E1C2A9CB50022A73B /* Base */,
			);
			name = LaunchScreen.storyboard;
			sourceTree = "<group>";
		};
/* End PBXVariantGroup section */

/* Begin XCBuildConfiguration section */
		9A731C671C2A9CB60022A73B /* Debug */ = {
			isa = XCBuildConfiguration;
			buildSettings = {
				ALWAYS_SEARCH_USER_PATHS = NO;
				CLANG_CXX_LANGUAGE_STANDARD = "gnu++0x";
				CLANG_CXX_LIBRARY = "libc++";
				CLANG_ENABLE_MODULES = YES;
				CLANG_ENABLE_OBJC_ARC = YES;
				CLANG_WARN_BOOL_CONVERSION = YES;
				CLANG_WARN_CONSTANT_CONVERSION = YES;
				CLANG_WARN_DIRECT_OBJC_ISA_USAGE = YES_ERROR;
				CLANG_WARN_EMPTY_BODY = YES;
				CLANG_WARN_ENUM_CONVERSION = YES;
				CLANG_WARN_INT_CONVERSION = YES;
				CLANG_WARN_OBJC_ROOT_CLASS = YES_ERROR;
				CLANG_WARN_UNREACHABLE_CODE = YES;
				CLANG_WARN__DUPLICATE_METHOD_MATCH = YES;
				"CODE_SIGN_IDENTITY[sdk=iphoneos*]" = "iPhone Developer";
				COPY_PHASE_STRIP = NO;
				DEBUG_INFORMATION_FORMAT = dwarf;
				ENABLE_STRICT_OBJC_MSGSEND = YES;
				ENABLE_TESTABILITY = YES;
				GCC_C_LANGUAGE_STANDARD = gnu99;
				GCC_DYNAMIC_NO_PIC = NO;
				GCC_NO_COMMON_BLOCKS = YES;
				GCC_OPTIMIZATION_LEVEL = 0;
				GCC_PREPROCESSOR_DEFINITIONS = (
					"DEBUG=1",
					"$(inherited)",
				);
				GCC_WARN_64_TO_32_BIT_CONVERSION = YES;
				GCC_WARN_ABOUT_RETURN_TYPE = YES_ERROR;
				GCC_WARN_UNDECLARED_SELECTOR = YES;
				GCC_WARN_UNINITIALIZED_AUTOS = YES_AGGRESSIVE;
				GCC_WARN_UNUSED_FUNCTION = YES;
				GCC_WARN_UNUSED_VARIABLE = YES;
				IPHONEOS_DEPLOYMENT_TARGET = 9.2;
				MTL_ENABLE_DEBUG_INFO = YES;
				ONLY_ACTIVE_ARCH = YES;
				SDKROOT = iphoneos;
				SWIFT_OPTIMIZATION_LEVEL = "-Onone";
				TARGETED_DEVICE_FAMILY = "1,2";
			};
			name = Debug;
		};
		9A731C681C2A9CB60022A73B /* Release */ = {
			isa = XCBuildConfiguration;
			buildSettings = {
				ALWAYS_SEARCH_USER_PATHS = NO;
				CLANG_CXX_LANGUAGE_STANDARD = "gnu++0x";
				CLANG_CXX_LIBRARY = "libc++";
				CLANG_ENABLE_MODULES = YES;
				CLANG_ENABLE_OBJC_ARC = YES;
				CLANG_WARN_BOOL_CONVERSION = YES;
				CLANG_WARN_CONSTANT_CONVERSION = YES;
				CLANG_WARN_DIRECT_OBJC_ISA_USAGE = YES_ERROR;
				CLANG_WARN_EMPTY_BODY = YES;
				CLANG_WARN_ENUM_CONVERSION = YES;
				CLANG_WARN_INT_CONVERSION = YES;
				CLANG_WARN_OBJC_ROOT_CLASS = YES_ERROR;
				CLANG_WARN_UNREACHABLE_CODE = YES;
				CLANG_WARN__DUPLICATE_METHOD_MATCH = YES;
				"CODE_SIGN_IDENTITY[sdk=iphoneos*]" = "iPhone Developer";
				COPY_PHASE_STRIP = NO;
				DEBUG_INFORMATION_FORMAT = "dwarf-with-dsym";
				ENABLE_NS_ASSERTIONS = NO;
				ENABLE_STRICT_OBJC_MSGSEND = YES;
				GCC_C_LANGUAGE_STANDARD = gnu99;
				GCC_NO_COMMON_BLOCKS = YES;
				GCC_WARN_64_TO_32_BIT_CONVERSION = YES;
				GCC_WARN_ABOUT_RETURN_TYPE = YES_ERROR;
				GCC_WARN_UNDECLARED_SELECTOR = YES;
				GCC_WARN_UNINITIALIZED_AUTOS = YES_AGGRESSIVE;
				GCC_WARN_UNUSED_FUNCTION = YES;
				GCC_WARN_UNUSED_VARIABLE = YES;
				IPHONEOS_DEPLOYMENT_TARGET = 9.2;
				MTL_ENABLE_DEBUG_INFO = NO;
				SDKROOT = iphoneos;
				TARGETED_DEVICE_FAMILY = "1,2";
				VALIDATE_PRODUCT = YES;
			};
			name = Release;
		};
		9A731C6A1C2A9CB60022A73B /* Debug */ = {
			isa = XCBuildConfiguration;
			buildSettings = {
				ASSETCATALOG_COMPILER_APPICON_NAME = AppIcon;
				INFOPLIST_FILE = PoomsaeScorer/Info.plist;
				LD_RUNPATH_SEARCH_PATHS = "$(inherited) @executable_path/Frameworks";
				PRODUCT_BUNDLE_IDENTIFIER = "com.Michael-Cho.PoomsaeScorer";
				PRODUCT_NAME = "$(TARGET_NAME)";
			};
			name = Debug;
		};
		9A731C6B1C2A9CB60022A73B /* Release */ = {
			isa = XCBuildConfiguration;
			buildSettings = {
				ASSETCATALOG_COMPILER_APPICON_NAME = AppIcon;
				INFOPLIST_FILE = PoomsaeScorer/Info.plist;
				LD_RUNPATH_SEARCH_PATHS = "$(inherited) @executable_path/Frameworks";
				PRODUCT_BUNDLE_IDENTIFIER = "com.Michael-Cho.PoomsaeScorer";
				PRODUCT_NAME = "$(TARGET_NAME)";
			};
			name = Release;
		};
		9A731C6D1C2A9CB60022A73B /* Debug */ = {
			isa = XCBuildConfiguration;
			buildSettings = {
				BUNDLE_LOADER = "$(TEST_HOST)";
				INFOPLIST_FILE = PoomsaeScorerTests/Info.plist;
				LD_RUNPATH_SEARCH_PATHS = "$(inherited) @executable_path/Frameworks @loader_path/Frameworks";
				PRODUCT_BUNDLE_IDENTIFIER = "com.Michael-Cho.PoomsaeScorerTests";
				PRODUCT_NAME = "$(TARGET_NAME)";
				TEST_HOST = "$(BUILT_PRODUCTS_DIR)/PoomsaeScorer.app/PoomsaeScorer";
			};
			name = Debug;
		};
		9A731C6E1C2A9CB60022A73B /* Release */ = {
			isa = XCBuildConfiguration;
			buildSettings = {
				BUNDLE_LOADER = "$(TEST_HOST)";
				INFOPLIST_FILE = PoomsaeScorerTests/Info.plist;
				LD_RUNPATH_SEARCH_PATHS = "$(inherited) @executable_path/Frameworks @loader_path/Frameworks";
				PRODUCT_BUNDLE_IDENTIFIER = "com.Michael-Cho.PoomsaeScorerTests";
				PRODUCT_NAME = "$(TARGET_NAME)";
				TEST_HOST = "$(BUILT_PRODUCTS_DIR)/PoomsaeScorer.app/PoomsaeScorer";
			};
			name = Release;
		};
		9A731C701C2A9CB60022A73B /* Debug */ = {
			isa = XCBuildConfiguration;
			buildSettings = {
				INFOPLIST_FILE = PoomsaeScorerUITests/Info.plist;
				LD_RUNPATH_SEARCH_PATHS = "$(inherited) @executable_path/Frameworks @loader_path/Frameworks";
				PRODUCT_BUNDLE_IDENTIFIER = "com.Michael-Cho.PoomsaeScorerUITests";
				PRODUCT_NAME = "$(TARGET_NAME)";
				TEST_TARGET_NAME = PoomsaeScorer;
				USES_XCTRUNNER = YES;
			};
			name = Debug;
		};
		9A731C711C2A9CB60022A73B /* Release */ = {
			isa = XCBuildConfiguration;
			buildSettings = {
				INFOPLIST_FILE = PoomsaeScorerUITests/Info.plist;
				LD_RUNPATH_SEARCH_PATHS = "$(inherited) @executable_path/Frameworks @loader_path/Frameworks";
				PRODUCT_BUNDLE_IDENTIFIER = "com.Michael-Cho.PoomsaeScorerUITests";
				PRODUCT_NAME = "$(TARGET_NAME)";
				TEST_TARGET_NAME = PoomsaeScorer;
				USES_XCTRUNNER = YES;
			};
			name = Release;
		};
/* End XCBuildConfiguration section */

/* Begin XCConfigurationList section */
		9A731C3C1C2A9CB50022A73B /* Build configuration list for PBXProject "PoomsaeScorer" */ = {
			isa = XCConfigurationList;
			buildConfigurations = (
				9A731C671C2A9CB60022A73B /* Debug */,
				9A731C681C2A9CB60022A73B /* Release */,
			);
			defaultConfigurationIsVisible = 0;
			defaultConfigurationName = Release;
		};
		9A731C691C2A9CB60022A73B /* Build configuration list for PBXNativeTarget "PoomsaeScorer" */ = {
			isa = XCConfigurationList;
			buildConfigurations = (
				9A731C6A1C2A9CB60022A73B /* Debug */,
				9A731C6B1C2A9CB60022A73B /* Release */,
			);
			defaultConfigurationIsVisible = 0;
			defaultConfigurationName = Release;
		};
		9A731C6C1C2A9CB60022A73B /* Build configuration list for PBXNativeTarget "PoomsaeScorerTests" */ = {
			isa = XCConfigurationList;
			buildConfigurations = (
				9A731C6D1C2A9CB60022A73B /* Debug */,
				9A731C6E1C2A9CB60022A73B /* Release */,
			);
			defaultConfigurationIsVisible = 0;
			defaultConfigurationName = Release;
		};
		9A731C6F1C2A9CB60022A73B /* Build configuration list for PBXNativeTarget "PoomsaeScorerUITests" */ = {
			isa = XCConfigurationList;
			buildConfigurations = (
				9A731C701C2A9CB60022A73B /* Debug */,
				9A731C711C2A9CB60022A73B /* Release */,
			);
			defaultConfigurationIsVisible = 0;
			defaultConfigurationName = Release;
		};
/* End XCConfigurationList section */
	};
	rootObject = 9A731C391C2A9CB50022A73B /* Project object */;
}
